github.com/boggydigital/match_node v0.1.19 h1:n62RM9BOUwRJFNtagE4siMu34zgwz+BRCbdO/0j7aJM=
github.com/boggydigital/match_node v0.1.19/go.mod h1:F8Eqagj2uDDRK6ElfuTIOWROjASUC72uUo9s7FWbthQ=
golang.org/x/net v0.51.0 h1:94R/GTO7mt3/4wIKpcR5gkGmRLOuE/2hNGeWq/GBIFo=
golang.org/x/net v0.51.0/go.mod h1:aamm+2QF5ogm02fjy5Bb7CQ0WMt1/WVM7FtyaTLlA9Y=
