github.com/boggydigital/match_node v0.1.4 h1:7DTpd7ow9CZ+DRjMbQNwVkWlO0ZQyrolgnTtOM0iAI4=
github.com/boggydigital/match_node v0.1.4/go.mod h1:LmKtZy8YgBYC14BStAS4g17MglrLqqUF6dehrBX7Zwc=
github.com/boggydigital/match_node v0.1.9 h1:6kw2QvnvEjcVL4dDKa1mVqnNOq/jk9lGzkCWKpsE2jg=
github.com/boggydigital/match_node v0.1.9/go.mod h1:LmKtZy8YgBYC14BStAS4g17MglrLqqUF6dehrBX7Zwc=
github.com/boggydigital/match_node v0.1.14 h1:2CrpdCQeb8EX+E0wNadsbcLOSw/WvuHLgUZh35D9a58=
github.com/boggydigital/match_node v0.1.14/go.mod h1:LmKtZy8YgBYC14BStAS4g17MglrLqqUF6dehrBX7Zwc=
github.com/boggydigital/match_node v0.1.16 h1:oE7Hlehb1xuFnB3k7kfZPjaOV3c+j0g/O76+XVoib3E=
github.com/boggydigital/match_node v0.1.16/go.mod h1:dAlD1Ktt/eUSkGzvqoxDUDTmAKZO6V7aWH5toocaeU4=
github.com/boggydigital/match_node v0.1.17 h1:SzSZc+LoHDgx60hqcZthp49pjI4G0GWYC8AGAlz3mmM=
github.com/boggydigital/match_node v0.1.17/go.mod h1:aOussBc6CAqzN5WQCsRKgmef8m9A1VPCfQRB3nD8qUM=
github.com/boggydigital/match_node v0.1.18 h1:D80uYQyypKCqBEAgSdVuK9/QAl6LcpzplWlyUJbE+Po=
github.com/boggydigital/match_node v0.1.18/go.mod h1:ObQGciD7O547ar8vftyIeH4wM8ELru+RPIBQ5OiQ0Pc=
golang.org/x/net v0.0.0-20211112202133-69e39bad7dc2 h1:CIJ76btIcR3eFI5EgSo6k1qKw9KJexJuRLI9G7Hp5wE=
golang.org/x/net v0.0.0-20211112202133-69e39bad7dc2/go.mod h1:9nx3DQGgdP8bBQD5qxJ1jj9UTztislL4KSBs9R2vV5Y=
golang.org/x/net v0.0.0-20220927171203-f486391704dc h1:FxpXZdoBqT8RjqTy6i1E8nXHhW21wK7ptQ/EPIGxzPQ=
golang.org/x/net v0.0.0-20220927171203-f486391704dc/go.mod h1:YDH+HFinaLZZlnHAfSS6ZXJJ9M9t4Dl22yv3iI2vPwk=
golang.org/x/net v0.12.0 h1:cfawfvKITfUsFCeJIHJrbSxpeu/E81khclypR0GVT50=
golang.org/x/net v0.12.0/go.mod h1:zEVYFnQC7m/vmpQFELhcD1EWkZlX69l4oqgmer6hfKA=
golang.org/x/net v0.19.0 h1:zTwKpTd2XuCqf8huc7Fo2iSy+4RHPd10s4KzeTnVr1c=
golang.org/x/net v0.19.0/go.mod h1:CfAk/cbD4CthTvqiEl8NpboMuiuOYsAr/7NOjZJtv1U=
golang.org/x/net v0.25.0 h1:d/OCCoBEUq33pjydKrGQhw7IlUPI2Oylr+8qLx49kac=
golang.org/x/net v0.25.0/go.mod h1:JkAGAh7GEvH74S6FOH42FLoXpXbE/aqXSrIQjXgsiwM=
golang.org/x/net v0.33.0 h1:74SYHlV8BIgHIFC/LrYkOGIwL19eTYXQ5wc6TBuO36I=
golang.org/x/net v0.33.0/go.mod h1:HXLR5J+9DxmrqMwG9qjGCxZ+zKXxBru04zlTvWlWuN4=
golang.org/x/net v0.34.0 h1:Mb7Mrk043xzHgnRM88suvJFwzVrRfHEHJEl5/71CKw0=
golang.org/x/net v0.34.0/go.mod h1:di0qlW3YNM5oh6GqDGQr92MyTozJPmybPK4Ev/Gm31k=
golang.org/x/sys v0.0.0-20201119102817-f84b799fce68/go.mod h1:h1NjWce9XRLGQEsW7wpKNCjG9DtNlClVuFLEZdDNbEs=
golang.org/x/sys v0.0.0-20210423082822-04245dca01da/go.mod h1:h1NjWce9XRLGQEsW7wpKNCjG9DtNlClVuFLEZdDNbEs=
golang.org/x/term v0.0.0-20201126162022-7de9c90e9dd1/go.mod h1:bj7SfCRtBDWHUb9snDiAeCFNEtKQo2Wmx5Cou7ajbmo=
golang.org/x/text v0.3.6/go.mod h1:5Zoc/QRtKVWzQhOtBMvqHzDpF6irO9z98xDceosuGiQ=
golang.org/x/tools v0.0.0-20180917221912-90fa682c2a6e/go.mod h1:n7NCudcB/nEzxVGmLbDWY5pfWTLqBcC2KZ6jyYvM4mQ=
