github.com/boggydigital/camino v0.2.13 h1:fR1Ir+wLSY4FhaqT09t9iCgokNbTrnQmmKVEsVNSBXY=
github.com/boggydigital/camino v0.2.13/go.mod h1:UuW3eJP/wrm1VkNPvvNETKisvQymCD1d2a8KIe6J6cI=
github.com/boggydigital/camino v0.2.19 h1:mAwgurNO7anUlBJmC4yhhZ4bpasiwa9b7soMCu9UjDg=
github.com/boggydigital/camino v0.2.19/go.mod h1:UuW3eJP/wrm1VkNPvvNETKisvQymCD1d2a8KIe6J6cI=
github.com/boggydigital/testo v0.1.8 h1:NKuKLpWKn8gG3dYq8xNrFYHimxoCTdzLOs242q6jeQo=
github.com/boggydigital/testo v0.1.8/go.mod h1:8JTO6UKeQPsHS82vbCH/3NLDfewmr/84vVQ6rNLdCas=
golang.org/x/net v0.56.0 h1:Rw8j/hFzGvJUZwNBXnAtf5sVDVt+65SK2C7IxCxZt5o=
golang.org/x/net v0.56.0/go.mod h1:D3Ku6r+V6JROoZK144D2XfMHFcMq/0zSfLelVTCFKec=
golang.org/x/net v0.57.0 h1:K5+3DljvIuDG9/Jv9rvyMywYNFCQ9RSUY6OOTTkT+tE=
golang.org/x/net v0.57.0/go.mod h1:KpXc8iv+r3XplLAG/f7Jsf9RPszJzdR0f58q9vGOuEU=
